// !$*UTF8*$!
{
	archiveVersion = 1;
	classes = {
	};
	objectVersion = 46;
	objects = {

/* Begin PBXBuildFile section */
		5C1DD61017D2252800FC208B /* UIKit.framework in Frameworks */ = {isa = PBXBuildFile; fileRef = 5C1DD60F17D2252800FC208B /* UIKit.framework */; };
		5C1DD61217D2252800FC208B /* Foundation.framework in Frameworks */ = {isa = PBXBuildFile; fileRef = 5C1DD61117D2252800FC208B /* Foundation.framework */; };
		5C1DD61417D2252800FC208B /* CoreGraphics.framework in Frameworks */ = {isa = PBXBuildFile; fileRef = 5C1DD61317D2252800FC208B /* CoreGraphics.framework */; };
		5C1DD61A17D2252800FC208B /* InfoPlist.strings in Resources */ = {isa = PBXBuildFile; fileRef = 5C1DD61817D2252800FC208B /* InfoPlist.strings */; };
		5C1DD61C17D2252800FC208B /* main.m in Sources */ = {isa = PBXBuildFile; fileRef = 5C1DD61B17D2252800FC208B /* main.m */; };
		5C1DD62017D2252800FC208B /* KKAppDelegate.m in Sources */ = {isa = PBXBuildFile; fileRef = 5C1DD61F17D2252800FC208B /* KKAppDelegate.m */; };
		5C1DD62217D2252800FC208B /* Default.png in Resources */ = {isa = PBXBuildFile; fileRef = 5C1DD62117D2252800FC208B /* Default.png */; };
		5C1DD62417D2252800FC208B /* Default@2x.png in Resources */ = {isa = PBXBuildFile; fileRef = 5C1DD62317D2252800FC208B /* Default@2x.png */; };
		5C1DD62617D2252800FC208B /* Default-568h@2x.png in Resources */ = {isa = PBXBuildFile; fileRef = 5C1DD62517D2252800FC208B /* Default-568h@2x.png */; };
		5C1DD62917D2252900FC208B /* KKViewController.m in Sources */ = {isa = PBXBuildFile; fileRef = 5C1DD62817D2252900FC208B /* KKViewController.m */; };
		5C1DD62C17D2252900FC208B /* KKViewController.xib in Resources */ = {isa = PBXBuildFile; fileRef = 5C1DD62A17D2252900FC208B /* KKViewController.xib */; };
		ACC1D0EE5FBBAEDEA924A37F /* KKActivityItemProvider.m in Sources */ = {isa = PBXBuildFile; fileRef = ACC1D82268AE8284D52FA7F9 /* KKActivityItemProvider.m */; };
/* End PBXBuildFile section */

/* Begin PBXFileReference section */
		5C1DD60C17D2252800FC208B /* DoSomethingBeforeSharing.app */ = {isa = PBXFileReference; explicitFileType = wrapper.application; includeInIndex = 0; path = DoSomethingBeforeSharing.app; sourceTree = BUILT_PRODUCTS_DIR; };
		5C1DD60F17D2252800FC208B /* UIKit.framework */ = {isa = PBXFileReference; lastKnownFileType = wrapper.framework; name = UIKit.framework; path = System/Library/Frameworks/UIKit.framework; sourceTree = SDKROOT; };
		5C1DD61117D2252800FC208B /* Foundation.framework */ = {isa = PBXFileReference; lastKnownFileType = wrapper.framework; name = Foundation.framework; path = System/Library/Frameworks/Foundation.framework; sourceTree = SDKROOT; };
		5C1DD61317D2252800FC208B /* CoreGraphics.framework */ = {isa = PBXFileReference; lastKnownFileType = wrapper.framework; name = CoreGraphics.framework; path = System/Library/Frameworks/CoreGraphics.framework; sourceTree = SDKROOT; };
		5C1DD61717D2252800FC208B /* DoSomethingBeforeSharing-Info.plist */ = {isa = PBXFileReference; lastKnownFileType = text.plist.xml; path = "DoSomethingBeforeSharing-Info.plist"; sourceTree = "<group>"; };
		5C1DD61917D2252800FC208B /* en */ = {isa = PBXFileReference; lastKnownFileType = text.plist.strings; name = en; path = en.lproj/InfoPlist.strings; sourceTree = "<group>"; };
		5C1DD61B17D2252800FC208B /* main.m */ = {isa = PBXFileReference; lastKnownFileType = sourcecode.c.objc; path = main.m; sourceTree = "<group>"; };
		5C1DD61D17D2252800FC208B /* DoSomethingBeforeSharing-Prefix.pch */ = {isa = PBXFileReference; lastKnownFileType = sourcecode.c.h; path = "DoSomethingBeforeSharing-Prefix.pch"; sourceTree = "<group>"; };
		5C1DD61E17D2252800FC208B /* KKAppDelegate.h */ = {isa = PBXFileReference; lastKnownFileType = sourcecode.c.h; path = KKAppDelegate.h; sourceTree = "<group>"; };
		5C1DD61F17D2252800FC208B /* KKAppDelegate.m */ = {isa = PBXFileReference; lastKnownFileType = sourcecode.c.objc; path = KKAppDelegate.m; sourceTree = "<group>"; };
		5C1DD62117D2252800FC208B /* Default.png */ = {isa = PBXFileReference; lastKnownFileType = image.png; path = Default.png; sourceTree = "<group>"; };
		5C1DD62317D2252800FC208B /* Default@2x.png */ = {isa = PBXFileReference; lastKnownFileType = image.png; path = "Default@2x.png"; sourceTree = "<group>"; };
		5C1DD62517D2252800FC208B /* Default-568h@2x.png */ = {isa = PBXFileReference; lastKnownFileType = image.png; path = "Default-568h@2x.png"; sourceTree = "<group>"; };
		5C1DD62717D2252900FC208B /* KKViewController.h */ = {isa = PBXFileReference; lastKnownFileType = sourcecode.c.h; path = KKViewController.h; sourceTree = "<group>"; };
		5C1DD62817D2252900FC208B /* KKViewController.m */ = {isa = PBXFileReference; lastKnownFileType = sourcecode.c.objc; path = KKViewController.m; sourceTree = "<group>"; };
		5C1DD62B17D2252900FC208B /* en */ = {isa = PBXFileReference; lastKnownFileType = file.xib; name = en; path = en.lproj/KKViewController.xib; sourceTree = "<group>"; };
		ACC1D82268AE8284D52FA7F9 /* KKActivityItemProvider.m */ = {isa = PBXFileReference; fileEncoding = 4; lastKnownFileType = sourcecode.c.objc; path = KKActivityItemProvider.m; sourceTree = "<group>"; };
		ACC1DD7F38D67B8E33BC0817 /* KKActivityItemProvider.h */ = {isa = PBXFileReference; fileEncoding = 4; lastKnownFileType = sourcecode.c.h; path = KKActivityItemProvider.h; sourceTree = "<group>"; };
/* End PBXFileReference section */

/* Begin PBXFrameworksBuildPhase section */
		5C1DD60917D2252800FC208B /* Frameworks */ = {
			isa = PBXFrameworksBuildPhase;
			buildActionMask = 2147483647;
			files = (
				5C1DD61017D2252800FC208B /* UIKit.framework in Frameworks */,
				5C1DD61217D2252800FC208B /* Foundation.framework in Frameworks */,
				5C1DD61417D2252800FC208B /* CoreGraphics.framework in Frameworks */,
			);
			runOnlyForDeploymentPostprocessing = 0;
		};
/* End PBXFrameworksBuildPhase section */

/* Begin PBXGroup section */
		5C1DD60317D2252800FC208B = {
			isa = PBXGroup;
			children = (
				5C1DD61517D2252800FC208B /* DoSomethingBeforeSharing */,
				5C1DD60E17D2252800FC208B /* Frameworks */,
				5C1DD60D17D2252800FC208B /* Products */,
			);
			sourceTree = "<group>";
		};
		5C1DD60D17D2252800FC208B /* Products */ = {
			isa = PBXGroup;
			children = (
				5C1DD60C17D2252800FC208B /* DoSomethingBeforeSharing.app */,
			);
			name = Products;
			sourceTree = "<group>";
		};
		5C1DD60E17D2252800FC208B /* Frameworks */ = {
			isa = PBXGroup;
			children = (
				5C1DD60F17D2252800FC208B /* UIKit.framework */,
				5C1DD61117D2252800FC208B /* Foundation.framework */,
				5C1DD61317D2252800FC208B /* CoreGraphics.framework */,
			);
			name = Frameworks;
			sourceTree = "<group>";
		};
		5C1DD61517D2252800FC208B /* DoSomethingBeforeSharing */ = {
			isa = PBXGroup;
			children = (
				5C1DD61E17D2252800FC208B /* KKAppDelegate.h */,
				5C1DD61F17D2252800FC208B /* KKAppDelegate.m */,
				5C1DD62717D2252900FC208B /* KKViewController.h */,
				5C1DD62817D2252900FC208B /* KKViewController.m */,
				5C1DD62A17D2252900FC208B /* KKViewController.xib */,
				5C1DD61617D2252800FC208B /* Supporting Files */,
				ACC1D82268AE8284D52FA7F9 /* KKActivityItemProvider.m */,
				ACC1DD7F38D67B8E33BC0817 /* KKActivityItemProvider.h */,
			);
			path = DoSomethingBeforeSharing;
			sourceTree = "<group>";
		};
		5C1DD61617D2252800FC208B /* Supporting Files */ = {
			isa = PBXGroup;
			children = (
				5C1DD61717D2252800FC208B /* DoSomethingBeforeSharing-Info.plist */,
				5C1DD61817D2252800FC208B /* InfoPlist.strings */,
				5C1DD61B17D2252800FC208B /* main.m */,
				5C1DD61D17D2252800FC208B /* DoSomethingBeforeSharing-Prefix.pch */,
				5C1DD62117D2252800FC208B /* Default.png */,
				5C1DD62317D2252800FC208B /* Default@2x.png */,
				5C1DD62517D2252800FC208B /* Default-568h@2x.png */,
			);
			name = "Supporting Files";
			sourceTree = "<group>";
		};
/* End PBXGroup section */

/* Begin PBXNativeTarget section */
		5C1DD60B17D2252800FC208B /* DoSomethingBeforeSharing */ = {
			isa = PBXNativeTarget;
			buildConfigurationList = 5C1DD62F17D2252900FC208B /* Build configuration list for PBXNativeTarget "DoSomethingBeforeSharing" */;
			buildPhases = (
				5C1DD60817D2252800FC208B /* Sources */,
				5C1DD60917D2252800FC208B /* Frameworks */,
				5C1DD60A17D2252800FC208B /* Resources */,
			);
			buildRules = (
			);
			dependencies = (
			);
			name = DoSomethingBeforeSharing;
			productName = DoSomethingBeforeSharing;
			productReference = 5C1DD60C17D2252800FC208B /* DoSomethingBeforeSharing.app */;
			productType = "com.apple.product-type.application";
		};
/* End PBXNativeTarget section */

/* Begin PBXProject section */
		5C1DD60417D2252800FC208B /* Project object */ = {
			isa = PBXProject;
			attributes = {
				CLASSPREFIX = KK;
				LastUpgradeCheck = 0460;
				ORGANIZATIONNAME = gin0606;
			};
			buildConfigurationList = 5C1DD60717D2252800FC208B /* Build configuration list for PBXProject "DoSomethingBeforeSharing" */;
			compatibilityVersion = "Xcode 3.2";
			developmentRegion = English;
			hasScannedForEncodings = 0;
			knownRegions = (
				en,
			);
			mainGroup = 5C1DD60317D2252800FC208B;
			productRefGroup = 5C1DD60D17D2252800FC208B /* Products */;
			projectDirPath = "";
			projectRoot = "";
			targets = (
				5C1DD60B17D2252800FC208B /* DoSomethingBeforeSharing */,
			);
		};
/* End PBXProject section */

/* Begin PBXResourcesBuildPhase section */
		5C1DD60A17D2252800FC208B /* Resources */ = {
			isa = PBXResourcesBuildPhase;
			buildActionMask = 2147483647;
			files = (
				5C1DD61A17D2252800FC208B /* InfoPlist.strings in Resources */,
				5C1DD62217D2252800FC208B /* Default.png in Resources */,
				5C1DD62417D2252800FC208B /* Default@2x.png in Resources */,
				5C1DD62617D2252800FC208B /* Default-568h@2x.png in Resources */,
				5C1DD62C17D2252900FC208B /* KKViewController.xib in Resources */,
			);
			runOnlyForDeploymentPostprocessing = 0;
		};
/* End PBXResourcesBuildPhase section */

/* Begin PBXSourcesBuildPhase section */
		5C1DD60817D2252800FC208B /* Sources */ = {
			isa = PBXSourcesBuildPhase;
			buildActionMask = 2147483647;
			files = (
				5C1DD61C17D2252800FC208B /* main.m in Sources */,
				5C1DD62017D2252800FC208B /* KKAppDelegate.m in Sources */,
				5C1DD62917D2252900FC208B /* KKViewController.m in Sources */,
				ACC1D0EE5FBBAEDEA924A37F /* KKActivityItemProvider.m in Sources */,
			);
			runOnlyForDeploymentPostprocessing = 0;
		};
/* End PBXSourcesBuildPhase section */

/* Begin PBXVariantGroup section */
		5C1DD61817D2252800FC208B /* InfoPlist.strings */ = {
			isa = PBXVariantGroup;
			children = (
				5C1DD61917D2252800FC208B /* en */,
			);
			name = InfoPlist.strings;
			sourceTree = "<group>";
		};
		5C1DD62A17D2252900FC208B /* KKViewController.xib */ = {
			isa = PBXVariantGroup;
			children = (
				5C1DD62B17D2252900FC208B /* en */,
			);
			name = KKViewController.xib;
			sourceTree = "<group>";
		};
/* End PBXVariantGroup section */

/* Begin XCBuildConfiguration section */
		5C1DD62D17D2252900FC208B /* Debug */ = {
			isa = XCBuildConfiguration;
			buildSettings = {
				ALWAYS_SEARCH_USER_PATHS = NO;
				CLANG_CXX_LANGUAGE_STANDARD = "gnu++0x";
				CLANG_CXX_LIBRARY = "libc++";
				CLANG_ENABLE_OBJC_ARC = YES;
				CLANG_WARN_CONSTANT_CONVERSION = YES;
				CLANG_WARN_EMPTY_BODY = YES;
				CLANG_WARN_ENUM_CONVERSION = YES;
				CLANG_WARN_INT_CONVERSION = YES;
				CLANG_WARN__DUPLICATE_METHOD_MATCH = YES;
				"CODE_SIGN_IDENTITY[sdk=iphoneos*]" = "iPhone Developer";
				COPY_PHASE_STRIP = NO;
				GCC_C_LANGUAGE_STANDARD = gnu99;
				GCC_DYNAMIC_NO_PIC = NO;
				GCC_OPTIMIZATION_LEVEL = 0;
				GCC_PREPROCESSOR_DEFINITIONS = (
					"DEBUG=1",
					"$(inherited)",
				);
				GCC_SYMBOLS_PRIVATE_EXTERN = NO;
				GCC_WARN_ABOUT_RETURN_TYPE = YES;
				GCC_WARN_UNINITIALIZED_AUTOS = YES;
				GCC_WARN_UNUSED_VARIABLE = YES;
				IPHONEOS_DEPLOYMENT_TARGET = 6.1;
				ONLY_ACTIVE_ARCH = YES;
				SDKROOT = iphoneos;
			};
			name = Debug;
		};
		5C1DD62E17D2252900FC208B /* Release */ = {
			isa = XCBuildConfiguration;
			buildSettings = {
				ALWAYS_SEARCH_USER_PATHS = NO;
				CLANG_CXX_LANGUAGE_STANDARD = "gnu++0x";
				CLANG_CXX_LIBRARY = "libc++";
				CLANG_ENABLE_OBJC_ARC = YES;
				CLANG_WARN_CONSTANT_CONVERSION = YES;
				CLANG_WARN_EMPTY_BODY = YES;
				CLANG_WARN_ENUM_CONVERSION = YES;
				CLANG_WARN_INT_CONVERSION = YES;
				CLANG_WARN__DUPLICATE_METHOD_MATCH = YES;
				"CODE_SIGN_IDENTITY[sdk=iphoneos*]" = "iPhone Developer";
				COPY_PHASE_STRIP = YES;
				GCC_C_LANGUAGE_STANDARD = gnu99;
				GCC_WARN_ABOUT_RETURN_TYPE = YES;
				GCC_WARN_UNINITIALIZED_AUTOS = YES;
				GCC_WARN_UNUSED_VARIABLE = YES;
				IPHONEOS_DEPLOYMENT_TARGET = 6.1;
				OTHER_CFLAGS = "-DNS_BLOCK_ASSERTIONS=1";
				SDKROOT = iphoneos;
				VALIDATE_PRODUCT = YES;
			};
			name = Release;
		};
		5C1DD63017D2252900FC208B /* Debug */ = {
			isa = XCBuildConfiguration;
			buildSettings = {
				GCC_PRECOMPILE_PREFIX_HEADER = YES;
				GCC_PREFIX_HEADER = "DoSomethingBeforeSharing/DoSomethingBeforeSharing-Prefix.pch";
				INFOPLIST_FILE = "DoSomethingBeforeSharing/DoSomethingBeforeSharing-Info.plist";
				PRODUCT_NAME = "$(TARGET_NAME)";
				WRAPPER_EXTENSION = app;
			};
			name = Debug;
		};
		5C1DD63117D2252900FC208B /* Release */ = {
			isa = XCBuildConfiguration;
			buildSettings = {
				GCC_PRECOMPILE_PREFIX_HEADER = YES;
				GCC_PREFIX_HEADER = "DoSomethingBeforeSharing/DoSomethingBeforeSharing-Prefix.pch";
				INFOPLIST_FILE = "DoSomethingBeforeSharing/DoSomethingBeforeSharing-Info.plist";
				PRODUCT_NAME = "$(TARGET_NAME)";
				WRAPPER_EXTENSION = app;
			};
			name = Release;
		};
/* End XCBuildConfiguration section */

/* Begin XCConfigurationList section */
		5C1DD60717D2252800FC208B /* Build configuration list for PBXProject "DoSomethingBeforeSharing" */ = {
			isa = XCConfigurationList;
			buildConfigurations = (
				5C1DD62D17D2252900FC208B /* Debug */,
				5C1DD62E17D2252900FC208B /* Release */,
			);
			defaultConfigurationIsVisible = 0;
			defaultConfigurationName = Release;
		};
		5C1DD62F17D2252900FC208B /* Build configuration list for PBXNativeTarget "DoSomethingBeforeSharing" */ = {
			isa = XCConfigurationList;
			buildConfigurations = (
				5C1DD63017D2252900FC208B /* Debug */,
				5C1DD63117D2252900FC208B /* Release */,
			);
			defaultConfigurationIsVisible = 0;
		};
/* End XCConfigurationList section */
	};
	rootObject = 5C1DD60417D2252800FC208B /* Project object */;
}
